
Microsoft Visual Studio Solution File, Format Version 12.00
# Visual Studio Version 16
VisualStudioVersion = 16.0.31515.178
MinimumVisualStudioVersion = 10.0.40219.1
Project("{FAE04EC0-301F-11D3-BF4B-00C04F79EFBC}") = "MetaBuddy", "MetaBuddy\MetaBuddy.csproj", "{7CF43137-3F0B-4D2B-B34F-9C5FA2EDFF2C}"
EndProject
Global
	GlobalSection(SolutionConfigurationPlatforms) = preSolution
		Debug|Any CPU = Debug|Any CPU
		Release|Any CPU = Release|Any CPU
	EndGlobalSection
	GlobalSection(ProjectConfigurationPlatforms) = postSolution
		{7CF43137-3F0B-4D2B-B34F-9C5FA2EDFF2C}.Debug|Any CPU.ActiveCfg = Debug|Any CPU
		{7CF43137-3F0B-4D2B-B34F-9C5FA2EDFF2C}.Debug|Any CPU.Build.0 = Debug|Any CPU
		{7CF43137-3F0B-4D2B-B34F-9C5FA2EDFF2C}.Release|Any CPU.ActiveCfg = Release|Any CPU
		{7CF43137-3F0B-4D2B-B34F-9C5FA2EDFF2C}.Release|Any CPU.Build.0 = Release|Any CPU
	EndGlobalSection
	GlobalSection(SolutionProperties) = preSolution
		HideSolutionNode = FALSE
	EndGlobalSection
	GlobalSection(ExtensibilityGlobals) = postSolution
		SolutionGuid = {8256D5AF-3B4E-4252-9F79-A0FDB4314FC9}
	EndGlobalSection
EndGlobal
